
Microsoft Visual Studio Solution File, Format Version 12.00
# Visual Studio Version 16
VisualStudioVersion = 16.0.31410.357
MinimumVisualStudioVersion = 10.0.40219.1
Project("{9A19103F-16F7-4668-BE54-9A1E7A4F7556}") = "Vending Machine", "Vending Machine\Vending Machine.csproj", "{9A3F9A37-A027-46C0-A724-48EFB77580B2}"
EndProject
Project("{FAE04EC0-301F-11D3-BF4B-00C04F79EFBC}") = "Vending Machine.Tests", "Vending Machine.Tests\Vending Machine.Tests.csproj", "{12A71F03-7CB7-409E-A3CF-05BA2B64AF98}"
EndProject
Global
	GlobalSection(SolutionConfigurationPlatforms) = preSolution
		Debug|Any CPU = Debug|Any CPU
		Release|Any CPU = Release|Any CPU
	EndGlobalSection
	GlobalSection(ProjectConfigurationPlatforms) = postSolution
		{9A3F9A37-A027-46C0-A724-48EFB77580B2}.Debug|Any CPU.ActiveCfg = Debug|Any CPU
		{9A3F9A37-A027-46C0-A724-48EFB77580B2}.Debug|Any CPU.Build.0 = Debug|Any CPU
		{9A3F9A37-A027-46C0-A724-48EFB77580B2}.Release|Any CPU.ActiveCfg = Release|Any CPU
		{9A3F9A37-A027-46C0-A724-48EFB77580B2}.Release|Any CPU.Build.0 = Release|Any CPU
		{12A71F03-7CB7-409E-A3CF-05BA2B64AF98}.Debug|Any CPU.ActiveCfg = Debug|Any CPU
		{12A71F03-7CB7-409E-A3CF-05BA2B64AF98}.Debug|Any CPU.Build.0 = Debug|Any CPU
		{12A71F03-7CB7-409E-A3CF-05BA2B64AF98}.Release|Any CPU.ActiveCfg = Release|Any CPU
		{12A71F03-7CB7-409E-A3CF-05BA2B64AF98}.Release|Any CPU.Build.0 = Release|Any CPU
	EndGlobalSection
	GlobalSection(SolutionProperties) = preSolution
		HideSolutionNode = FALSE
	EndGlobalSection
	GlobalSection(ExtensibilityGlobals) = postSolution
		SolutionGuid = {4F1B9368-56AA-4B23-A391-3D21A1502A91}
	EndGlobalSection
EndGlobal
